
Microsoft Visual Studio Solution File, Format Version 12.00
# Visual Studio Version 17
VisualStudioVersion = 17.0.31903.59
MinimumVisualStudioVersion = 10.0.40219.1
Project("{9A19103F-16F7-4668-BE54-9A1E7A4F7556}") = "PadelTennisKrdBot", "PadelTennisKrdBot.csproj", "{4F457A23-E1F5-4477-82FB-F5AB75A1B81A}"
EndProject
Project("{2150E333-8FDC-42A3-9474-1A3956D46DE8}") = "Solution Items", "Solution Items", "{626C24AE-C49B-404A-B94C-05A17281191F}"
	ProjectSection(SolutionItems) = preProject
		.editorconfig = .editorconfig
	EndProjectSection
EndProject
Project("{9A19103F-16F7-4668-BE54-9A1E7A4F7556}") = "TgBotCommand", "..\TelegramBotCommand\TgBotCommand.csproj", "{8E9B9487-FF3E-453E-9A9F-A42ADFD70151}"
EndProject
Project("{FAE04EC0-301F-11D3-BF4B-00C04F79EFBC}") = "TimeHelper", "..\DoOnTime\TimeHelper.csproj", "{51A12704-8D11-4547-BD8B-C3968B5C8646}"
EndProject
Global
	GlobalSection(SolutionConfigurationPlatforms) = preSolution
		Debug|Any CPU = Debug|Any CPU
		Release|Any CPU = Release|Any CPU
	EndGlobalSection
	GlobalSection(ProjectConfigurationPlatforms) = postSolution
		{4F457A23-E1F5-4477-82FB-F5AB75A1B81A}.Debug|Any CPU.ActiveCfg = Debug|Any CPU
		{4F457A23-E1F5-4477-82FB-F5AB75A1B81A}.Debug|Any CPU.Build.0 = Debug|Any CPU
		{4F457A23-E1F5-4477-82FB-F5AB75A1B81A}.Release|Any CPU.ActiveCfg = Release|Any CPU
		{4F457A23-E1F5-4477-82FB-F5AB75A1B81A}.Release|Any CPU.Build.0 = Release|Any CPU
		{8E9B9487-FF3E-453E-9A9F-A42ADFD70151}.Debug|Any CPU.ActiveCfg = Debug|Any CPU
		{8E9B9487-FF3E-453E-9A9F-A42ADFD70151}.Debug|Any CPU.Build.0 = Debug|Any CPU
		{8E9B9487-FF3E-453E-9A9F-A42ADFD70151}.Release|Any CPU.ActiveCfg = Release|Any CPU
		{8E9B9487-FF3E-453E-9A9F-A42ADFD70151}.Release|Any CPU.Build.0 = Release|Any CPU
		{51A12704-8D11-4547-BD8B-C3968B5C8646}.Debug|Any CPU.ActiveCfg = Debug|Any CPU
		{51A12704-8D11-4547-BD8B-C3968B5C8646}.Debug|Any CPU.Build.0 = Debug|Any CPU
		{51A12704-8D11-4547-BD8B-C3968B5C8646}.Release|Any CPU.ActiveCfg = Release|Any CPU
		{51A12704-8D11-4547-BD8B-C3968B5C8646}.Release|Any CPU.Build.0 = Release|Any CPU
	EndGlobalSection
	GlobalSection(SolutionProperties) = preSolution
		HideSolutionNode = FALSE
	EndGlobalSection
	GlobalSection(ExtensibilityGlobals) = postSolution
		SolutionGuid = {7FF76CAE-49AD-49BA-86B3-C858423B80E1}
	EndGlobalSection
EndGlobal
